// !$*UTF8*$!
{
	archiveVersion = 1;
	classes = {
	};
	objectVersion = 51;
	objects = {

/* Begin PBXBuildFile section */
		062CEEE889D9D4FBF1A6A3D0 /* Pods_MSApp.framework in Frameworks */ = {isa = PBXBuildFile; fileRef = FEF397AB199CFB39DD6B56B3 /* Pods_MSApp.framework */; };
		3087454C222FF4450089AA81 /* DiscreteDataShowerViewController.swift in Sources */ = {isa = PBXBuildFile; fileRef = 3087454B222FF4450089AA81 /* DiscreteDataShowerViewController.swift */; };
		30EF259D222E8C6300C3F01C /* AppDelegate.swift in Sources */ = {isa = PBXBuildFile; fileRef = 30EF259C222E8C6300C3F01C /* AppDelegate.swift */; };
		30EF259F222E8C6300C3F01C /* DataDescriptionViewController.swift in Sources */ = {isa = PBXBuildFile; fileRef = 30EF259E222E8C6300C3F01C /* DataDescriptionViewController.swift */; };
		30EF25A2222E8C6300C3F01C /* Main.storyboard in Resources */ = {isa = PBXBuildFile; fileRef = 30EF25A0222E8C6300C3F01C /* Main.storyboard */; };
		30EF25A4222E8C6400C3F01C /* Assets.xcassets in Resources */ = {isa = PBXBuildFile; fileRef = 30EF25A3222E8C6400C3F01C /* Assets.xcassets */; };
		30EF25A7222E8C6400C3F01C /* LaunchScreen.storyboard in Resources */ = {isa = PBXBuildFile; fileRef = 30EF25A5222E8C6400C3F01C /* LaunchScreen.storyboard */; };
		30EF25AF222E956A00C3F01C /* DataCharacteristic.swift in Sources */ = {isa = PBXBuildFile; fileRef = 30EF25AE222E956A00C3F01C /* DataCharacteristic.swift */; };
		30EF25B1222E960700C3F01C /* DiscreteData.swift in Sources */ = {isa = PBXBuildFile; fileRef = 30EF25B0222E960700C3F01C /* DiscreteData.swift */; };
/* End PBXBuildFile section */

/* Begin PBXFileReference section */
		3087454B222FF4450089AA81 /* DiscreteDataShowerViewController.swift */ = {isa = PBXFileReference; lastKnownFileType = sourcecode.swift; path = DiscreteDataShowerViewController.swift; sourceTree = "<group>"; };
		30EF2599222E8C6300C3F01C /* MSApp.app */ = {isa = PBXFileReference; explicitFileType = wrapper.application; includeInIndex = 0; path = MSApp.app; sourceTree = BUILT_PRODUCTS_DIR; };
		30EF259C222E8C6300C3F01C /* AppDelegate.swift */ = {isa = PBXFileReference; lastKnownFileType = sourcecode.swift; path = AppDelegate.swift; sourceTree = "<group>"; };
		30EF259E222E8C6300C3F01C /* DataDescriptionViewController.swift */ = {isa = PBXFileReference; lastKnownFileType = sourcecode.swift; path = DataDescriptionViewController.swift; sourceTree = "<group>"; };
		30EF25A1222E8C6300C3F01C /* Base */ = {isa = PBXFileReference; lastKnownFileType = file.storyboard; name = Base; path = Base.lproj/Main.storyboard; sourceTree = "<group>"; };
		30EF25A3222E8C6400C3F01C /* Assets.xcassets */ = {isa = PBXFileReference; lastKnownFileType = folder.assetcatalog; path = Assets.xcassets; sourceTree = "<group>"; };
		30EF25A6222E8C6400C3F01C /* Base */ = {isa = PBXFileReference; lastKnownFileType = file.storyboard; name = Base; path = Base.lproj/LaunchScreen.storyboard; sourceTree = "<group>"; };
		30EF25A8222E8C6400C3F01C /* Info.plist */ = {isa = PBXFileReference; lastKnownFileType = text.plist.xml; path = Info.plist; sourceTree = "<group>"; };
		30EF25AE222E956A00C3F01C /* DataCharacteristic.swift */ = {isa = PBXFileReference; lastKnownFileType = sourcecode.swift; path = DataCharacteristic.swift; sourceTree = "<group>"; };
		30EF25B0222E960700C3F01C /* DiscreteData.swift */ = {isa = PBXFileReference; lastKnownFileType = sourcecode.swift; path = DiscreteData.swift; sourceTree = "<group>"; };
		6EC7F4E90625557968E1B828 /* Pods-MSApp.release.xcconfig */ = {isa = PBXFileReference; includeInIndex = 1; lastKnownFileType = text.xcconfig; name = "Pods-MSApp.release.xcconfig"; path = "Target Support Files/Pods-MSApp/Pods-MSApp.release.xcconfig"; sourceTree = "<group>"; };
		7744634C430E099A81CDAD2D /* Pods-MSApp.debug.xcconfig */ = {isa = PBXFileReference; includeInIndex = 1; lastKnownFileType = text.xcconfig; name = "Pods-MSApp.debug.xcconfig"; path = "Target Support Files/Pods-MSApp/Pods-MSApp.debug.xcconfig"; sourceTree = "<group>"; };
		FEF397AB199CFB39DD6B56B3 /* Pods_MSApp.framework */ = {isa = PBXFileReference; explicitFileType = wrapper.framework; includeInIndex = 0; path = Pods_MSApp.framework; sourceTree = BUILT_PRODUCTS_DIR; };
/* End PBXFileReference section */

/* Begin PBXFrameworksBuildPhase section */
		30EF2596222E8C6300C3F01C /* Frameworks */ = {
			isa = PBXFrameworksBuildPhase;
			buildActionMask = 2147483647;
			files = (
				062CEEE889D9D4FBF1A6A3D0 /* Pods_MSApp.framework in Frameworks */,
			);
			runOnlyForDeploymentPostprocessing = 0;
		};
/* End PBXFrameworksBuildPhase section */

/* Begin PBXGroup section */
		30EF2590222E8C6300C3F01C = {
			isa = PBXGroup;
			children = (
				30EF259B222E8C6300C3F01C /* MSApp */,
				30EF259A222E8C6300C3F01C /* Products */,
				70ECA21B49E2D272B784288C /* Pods */,
				72DC16B57FD76F442F79D304 /* Frameworks */,
			);
			sourceTree = "<group>";
		};
		30EF259A222E8C6300C3F01C /* Products */ = {
			isa = PBXGroup;
			children = (
				30EF2599222E8C6300C3F01C /* MSApp.app */,
			);
			name = Products;
			sourceTree = "<group>";
		};
		30EF259B222E8C6300C3F01C /* MSApp */ = {
			isa = PBXGroup;
			children = (
				30EF259C222E8C6300C3F01C /* AppDelegate.swift */,
				30EF259E222E8C6300C3F01C /* DataDescriptionViewController.swift */,
				3087454B222FF4450089AA81 /* DiscreteDataShowerViewController.swift */,
				30EF25AE222E956A00C3F01C /* DataCharacteristic.swift */,
				30EF25B0222E960700C3F01C /* DiscreteData.swift */,
				30EF25A0222E8C6300C3F01C /* Main.storyboard */,
				30EF25A3222E8C6400C3F01C /* Assets.xcassets */,
				30EF25A5222E8C6400C3F01C /* LaunchScreen.storyboard */,
				30EF25A8222E8C6400C3F01C /* Info.plist */,
			);
			path = MSApp;
			sourceTree = "<group>";
		};
		70ECA21B49E2D272B784288C /* Pods */ = {
			isa = PBXGroup;
			children = (
				7744634C430E099A81CDAD2D /* Pods-MSApp.debug.xcconfig */,
				6EC7F4E90625557968E1B828 /* Pods-MSApp.release.xcconfig */,
			);
			path = Pods;
			sourceTree = "<group>";
		};
		72DC16B57FD76F442F79D304 /* Frameworks */ = {
			isa = PBXGroup;
			children = (
				FEF397AB199CFB39DD6B56B3 /* Pods_MSApp.framework */,
			);
			name = Frameworks;
			sourceTree = "<group>";
		};
/* End PBXGroup section */

/* Begin PBXNativeTarget section */
		30EF2598222E8C6300C3F01C /* MSApp */ = {
			isa = PBXNativeTarget;
			buildConfigurationList = 30EF25AB222E8C6400C3F01C /* Build configuration list for PBXNativeTarget "MSApp" */;
			buildPhases = (
				5EED39C1DC73FC0B89E5B724 /* [CP] Check Pods Manifest.lock */,
				30EF2595222E8C6300C3F01C /* Sources */,
				30EF2596222E8C6300C3F01C /* Frameworks */,
				30EF2597222E8C6300C3F01C /* Resources */,
				EB292DCB0191EDABEF031A7A /* [CP] Embed Pods Frameworks */,
			);
			buildRules = (
			);
			dependencies = (
			);
			name = MSApp;
			productName = MSApp;
			productReference = 30EF2599222E8C6300C3F01C /* MSApp.app */;
			productType = "com.apple.product-type.application";
		};
/* End PBXNativeTarget section */

/* Begin PBXProject section */
		30EF2591222E8C6300C3F01C /* Project object */ = {
			isa = PBXProject;
			attributes = {
				LastSwiftUpdateCheck = 1010;
				LastUpgradeCheck = 1010;
				ORGANIZATIONNAME = Roman;
				TargetAttributes = {
					30EF2598222E8C6300C3F01C = {
						CreatedOnToolsVersion = 10.1;
					};
				};
			};
			buildConfigurationList = 30EF2594222E8C6300C3F01C /* Build configuration list for PBXProject "MSApp" */;
			compatibilityVersion = "Xcode 9.3";
			developmentRegion = en;
			hasScannedForEncodings = 0;
			knownRegions = (
				en,
				Base,
			);
			mainGroup = 30EF2590222E8C6300C3F01C;
			productRefGroup = 30EF259A222E8C6300C3F01C /* Products */;
			projectDirPath = "";
			projectRoot = "";
			targets = (
				30EF2598222E8C6300C3F01C /* MSApp */,
			);
		};
/* End PBXProject section */

/* Begin PBXResourcesBuildPhase section */
		30EF2597222E8C6300C3F01C /* Resources */ = {
			isa = PBXResourcesBuildPhase;
			buildActionMask = 2147483647;
			files = (
				30EF25A7222E8C6400C3F01C /* LaunchScreen.storyboard in Resources */,
				30EF25A4222E8C6400C3F01C /* Assets.xcassets in Resources */,
				30EF25A2222E8C6300C3F01C /* Main.storyboard in Resources */,
			);
			runOnlyForDeploymentPostprocessing = 0;
		};
/* End PBXResourcesBuildPhase section */

/* Begin PBXShellScriptBuildPhase section */
		5EED39C1DC73FC0B89E5B724 /* [CP] Check Pods Manifest.lock */ = {
			isa = PBXShellScriptBuildPhase;
			buildActionMask = 2147483647;
			files = (
			);
			inputFileListPaths = (
			);
			inputPaths = (
				"${PODS_PODFILE_DIR_PATH}/Podfile.lock",
				"${PODS_ROOT}/Manifest.lock",
			);
			name = "[CP] Check Pods Manifest.lock";
			outputFileListPaths = (
			);
			outputPaths = (
				"$(DERIVED_FILE_DIR)/Pods-MSApp-checkManifestLockResult.txt",
			);
			runOnlyForDeploymentPostprocessing = 0;
			shellPath = /bin/sh;
			shellScript = "diff \"${PODS_PODFILE_DIR_PATH}/Podfile.lock\" \"${PODS_ROOT}/Manifest.lock\" > /dev/null\nif [ $? != 0 ] ; then\n    # print error to STDERR\n    echo \"error: The sandbox is not in sync with the Podfile.lock. Run 'pod install' or update your CocoaPods installation.\" >&2\n    exit 1\nfi\n# This output is used by Xcode 'outputs' to avoid re-running this script phase.\necho \"SUCCESS\" > \"${SCRIPT_OUTPUT_FILE_0}\"\n";
			showEnvVarsInLog = 0;
		};
		EB292DCB0191EDABEF031A7A /* [CP] Embed Pods Frameworks */ = {
			isa = PBXShellScriptBuildPhase;
			buildActionMask = 2147483647;
			files = (
			);
			inputFileListPaths = (
				"${PODS_ROOT}/Target Support Files/Pods-MSApp/Pods-MSApp-frameworks-${CONFIGURATION}-input-files.xcfilelist",
			);
			name = "[CP] Embed Pods Frameworks";
			outputFileListPaths = (
				"${PODS_ROOT}/Target Support Files/Pods-MSApp/Pods-MSApp-frameworks-${CONFIGURATION}-output-files.xcfilelist",
			);
			runOnlyForDeploymentPostprocessing = 0;
			shellPath = /bin/sh;
			shellScript = "\"${PODS_ROOT}/Target Support Files/Pods-MSApp/Pods-MSApp-frameworks.sh\"\n";
			showEnvVarsInLog = 0;
		};
/* End PBXShellScriptBuildPhase section */

/* Begin PBXSourcesBuildPhase section */
		30EF2595222E8C6300C3F01C /* Sources */ = {
			isa = PBXSourcesBuildPhase;
			buildActionMask = 2147483647;
			files = (
				3087454C222FF4450089AA81 /* DiscreteDataShowerViewController.swift in Sources */,
				30EF259F222E8C6300C3F01C /* DataDescriptionViewController.swift in Sources */,
				30EF25AF222E956A00C3F01C /* DataCharacteristic.swift in Sources */,
				30EF25B1222E960700C3F01C /* DiscreteData.swift in Sources */,
				30EF259D222E8C6300C3F01C /* AppDelegate.swift in Sources */,
			);
			runOnlyForDeploymentPostprocessing = 0;
		};
/* End PBXSourcesBuildPhase section */

/* Begin PBXVariantGroup section */
		30EF25A0222E8C6300C3F01C /* Main.storyboard */ = {
			isa = PBXVariantGroup;
			children = (
				30EF25A1222E8C6300C3F01C /* Base */,
			);
			name = Main.storyboard;
			sourceTree = "<group>";
		};
		30EF25A5222E8C6400C3F01C /* LaunchScreen.storyboard */ = {
			isa = PBXVariantGroup;
			children = (
				30EF25A6222E8C6400C3F01C /* Base */,
			);
			name = LaunchScreen.storyboard;
			sourceTree = "<group>";
		};
/* End PBXVariantGroup section */

/* Begin XCBuildConfiguration section */
		30EF25A9222E8C6400C3F01C /* Debug */ = {
			isa = XCBuildConfiguration;
			buildSettings = {
				ALWAYS_SEARCH_USER_PATHS = NO;
				CLANG_ANALYZER_NONNULL = YES;
				CLANG_ANALYZER_NUMBER_OBJECT_CONVERSION = YES_AGGRESSIVE;
				CLANG_CXX_LANGUAGE_STANDARD = "gnu++14";
				CLANG_CXX_LIBRARY = "libc++";
				CLANG_ENABLE_MODULES = YES;
				CLANG_ENABLE_OBJC_ARC = YES;
				CLANG_ENABLE_OBJC_WEAK = YES;
				CLANG_WARN_BLOCK_CAPTURE_AUTORELEASING = YES;
				CLANG_WARN_BOOL_CONVERSION = YES;
				CLANG_WARN_COMMA = YES;
				CLANG_WARN_CONSTANT_CONVERSION = YES;
				CLANG_WARN_DEPRECATED_OBJC_IMPLEMENTATIONS = YES;
				CLANG_WARN_DIRECT_OBJC_ISA_USAGE = YES_ERROR;
				CLANG_WARN_DOCUMENTATION_COMMENTS = YES;
				CLANG_WARN_EMPTY_BODY = YES;
				CLANG_WARN_ENUM_CONVERSION = YES;
				CLANG_WARN_INFINITE_RECURSION = YES;
				CLANG_WARN_INT_CONVERSION = YES;
				CLANG_WARN_NON_LITERAL_NULL_CONVERSION = YES;
				CLANG_WARN_OBJC_IMPLICIT_RETAIN_SELF = YES;
				CLANG_WARN_OBJC_LITERAL_CONVERSION = YES;
				CLANG_WARN_OBJC_ROOT_CLASS = YES_ERROR;
				CLANG_WARN_RANGE_LOOP_ANALYSIS = YES;
				CLANG_WARN_STRICT_PROTOTYPES = YES;
				CLANG_WARN_SUSPICIOUS_MOVE = YES;
				CLANG_WARN_UNGUARDED_AVAILABILITY = YES_AGGRESSIVE;
				CLANG_WARN_UNREACHABLE_CODE = YES;
				CLANG_WARN__DUPLICATE_METHOD_MATCH = YES;
				CODE_SIGN_IDENTITY = "iPhone Developer";
				COPY_PHASE_STRIP = NO;
				DEBUG_INFORMATION_FORMAT = dwarf;
				ENABLE_STRICT_OBJC_MSGSEND = YES;
				ENABLE_TESTABILITY = YES;
				GCC_C_LANGUAGE_STANDARD = gnu11;
				GCC_DYNAMIC_NO_PIC = NO;
				GCC_NO_COMMON_BLOCKS = YES;
				GCC_OPTIMIZATION_LEVEL = 0;
				GCC_PREPROCESSOR_DEFINITIONS = (
					"DEBUG=1",
					"$(inherited)",
				);
				GCC_WARN_64_TO_32_BIT_CONVERSION = YES;
				GCC_WARN_ABOUT_RETURN_TYPE = YES_ERROR;
				GCC_WARN_UNDECLARED_SELECTOR = YES;
				GCC_WARN_UNINITIALIZED_AUTOS = YES_AGGRESSIVE;
				GCC_WARN_UNUSED_FUNCTION = YES;
				GCC_WARN_UNUSED_VARIABLE = YES;
				IPHONEOS_DEPLOYMENT_TARGET = 12.1;
				MTL_ENABLE_DEBUG_INFO = INCLUDE_SOURCE;
				MTL_FAST_MATH = YES;
				ONLY_ACTIVE_ARCH = YES;
				SDKROOT = iphoneos;
				SWIFT_ACTIVE_COMPILATION_CONDITIONS = DEBUG;
				SWIFT_OPTIMIZATION_LEVEL = "-Onone";
			};
			name = Debug;
		};
		30EF25AA222E8C6400C3F01C /* Release */ = {
			isa = XCBuildConfiguration;
			buildSettings = {
				ALWAYS_SEARCH_USER_PATHS = NO;
				CLANG_ANALYZER_NONNULL = YES;
				CLANG_ANALYZER_NUMBER_OBJECT_CONVERSION = YES_AGGRESSIVE;
				CLANG_CXX_LANGUAGE_STANDARD = "gnu++14";
				CLANG_CXX_LIBRARY = "libc++";
				CLANG_ENABLE_MODULES = YES;
				CLANG_ENABLE_OBJC_ARC = YES;
				CLANG_ENABLE_OBJC_WEAK = YES;
				CLANG_WARN_BLOCK_CAPTURE_AUTORELEASING = YES;
				CLANG_WARN_BOOL_CONVERSION = YES;
				CLANG_WARN_COMMA = YES;
				CLANG_WARN_CONSTANT_CONVERSION = YES;
				CLANG_WARN_DEPRECATED_OBJC_IMPLEMENTATIONS = YES;
				CLANG_WARN_DIRECT_OBJC_ISA_USAGE = YES_ERROR;
				CLANG_WARN_DOCUMENTATION_COMMENTS = YES;
				CLANG_WARN_EMPTY_BODY = YES;
				CLANG_WARN_ENUM_CONVERSION = YES;
				CLANG_WARN_INFINITE_RECURSION = YES;
				CLANG_WARN_INT_CONVERSION = YES;
				CLANG_WARN_NON_LITERAL_NULL_CONVERSION = YES;
				CLANG_WARN_OBJC_IMPLICIT_RETAIN_SELF = YES;
				CLANG_WARN_OBJC_LITERAL_CONVERSION = YES;
				CLANG_WARN_OBJC_ROOT_CLASS = YES_ERROR;
				CLANG_WARN_RANGE_LOOP_ANALYSIS = YES;
				CLANG_WARN_STRICT_PROTOTYPES = YES;
				CLANG_WARN_SUSPICIOUS_MOVE = YES;
				CLANG_WARN_UNGUARDED_AVAILABILITY = YES_AGGRESSIVE;
				CLANG_WARN_UNREACHABLE_CODE = YES;
				CLANG_WARN__DUPLICATE_METHOD_MATCH = YES;
				CODE_SIGN_IDENTITY = "iPhone Developer";
				COPY_PHASE_STRIP = NO;
				DEBUG_INFORMATION_FORMAT = "dwarf-with-dsym";
				ENABLE_NS_ASSERTIONS = NO;
				ENABLE_STRICT_OBJC_MSGSEND = YES;
				GCC_C_LANGUAGE_STANDARD = gnu11;
				GCC_NO_COMMON_BLOCKS = YES;
				GCC_WARN_64_TO_32_BIT_CONVERSION = YES;
				GCC_WARN_ABOUT_RETURN_TYPE = YES_ERROR;
				GCC_WARN_UNDECLARED_SELECTOR = YES;
				GCC_WARN_UNINITIALIZED_AUTOS = YES_AGGRESSIVE;
				GCC_WARN_UNUSED_FUNCTION = YES;
				GCC_WARN_UNUSED_VARIABLE = YES;
				IPHONEOS_DEPLOYMENT_TARGET = 12.1;
				MTL_ENABLE_DEBUG_INFO = NO;
				MTL_FAST_MATH = YES;
				SDKROOT = iphoneos;
				SWIFT_COMPILATION_MODE = wholemodule;
				SWIFT_OPTIMIZATION_LEVEL = "-O";
				VALIDATE_PRODUCT = YES;
			};
			name = Release;
		};
		30EF25AC222E8C6400C3F01C /* Debug */ = {
			isa = XCBuildConfiguration;
			baseConfigurationReference = 7744634C430E099A81CDAD2D /* Pods-MSApp.debug.xcconfig */;
			buildSettings = {
				ASSETCATALOG_COMPILER_APPICON_NAME = AppIcon;
				CODE_SIGN_STYLE = Automatic;
				DEVELOPMENT_TEAM = GZK488939F;
				INFOPLIST_FILE = MSApp/Info.plist;
				LD_RUNPATH_SEARCH_PATHS = (
					"$(inherited)",
					"@executable_path/Frameworks",
				);
				PRODUCT_BUNDLE_IDENTIFIER = com.rlevkovych.MSApp;
				PRODUCT_NAME = "$(TARGET_NAME)";
				SWIFT_VERSION = 4.2;
				TARGETED_DEVICE_FAMILY = 1;
			};
			name = Debug;
		};
		30EF25AD222E8C6400C3F01C /* Release */ = {
			isa = XCBuildConfiguration;
			baseConfigurationReference = 6EC7F4E90625557968E1B828 /* Pods-MSApp.release.xcconfig */;
			buildSettings = {
				ASSETCATALOG_COMPILER_APPICON_NAME = AppIcon;
				CODE_SIGN_STYLE = Automatic;
				DEVELOPMENT_TEAM = GZK488939F;
				INFOPLIST_FILE = MSApp/Info.plist;
				LD_RUNPATH_SEARCH_PATHS = (
					"$(inherited)",
					"@executable_path/Frameworks",
				);
				PRODUCT_BUNDLE_IDENTIFIER = com.rlevkovych.MSApp;
				PRODUCT_NAME = "$(TARGET_NAME)";
				SWIFT_VERSION = 4.2;
				TARGETED_DEVICE_FAMILY = 1;
			};
			name = Release;
		};
/* End XCBuildConfiguration section */

/* Begin XCConfigurationList section */
		30EF2594222E8C6300C3F01C /* Build configuration list for PBXProject "MSApp" */ = {
			isa = XCConfigurationList;
			buildConfigurations = (
				30EF25A9222E8C6400C3F01C /* Debug */,
				30EF25AA222E8C6400C3F01C /* Release */,
			);
			defaultConfigurationIsVisible = 0;
			defaultConfigurationName = Release;
		};
		30EF25AB222E8C6400C3F01C /* Build configuration list for PBXNativeTarget "MSApp" */ = {
			isa = XCConfigurationList;
			buildConfigurations = (
				30EF25AC222E8C6400C3F01C /* Debug */,
				30EF25AD222E8C6400C3F01C /* Release */,
			);
			defaultConfigurationIsVisible = 0;
			defaultConfigurationName = Release;
		};
/* End XCConfigurationList section */
	};
	rootObject = 30EF2591222E8C6300C3F01C /* Project object */;
}
